
Microsoft Visual Studio Solution File, Format Version 12.00
# Visual Studio Version 16
VisualStudioVersion = 16.0.30011.22
MinimumVisualStudioVersion = 10.0.40219.1
Project("{FAE04EC0-301F-11D3-BF4B-00C04F79EFBC}") = "QuantityMeasurement_Web_API", "QuantityMeasurement_Web_API.csproj", "{3469885D-D1D2-4D78-AEBA-93CD8061A041}"
EndProject
Global
	GlobalSection(SolutionConfigurationPlatforms) = preSolution
		Debug|Any CPU = Debug|Any CPU
		Release|Any CPU = Release|Any CPU
	EndGlobalSection
	GlobalSection(ProjectConfigurationPlatforms) = postSolution
		{3469885D-D1D2-4D78-AEBA-93CD8061A041}.Debug|Any CPU.ActiveCfg = Debug|Any CPU
		{3469885D-D1D2-4D78-AEBA-93CD8061A041}.Debug|Any CPU.Build.0 = Debug|Any CPU
		{3469885D-D1D2-4D78-AEBA-93CD8061A041}.Release|Any CPU.ActiveCfg = Release|Any CPU
		{3469885D-D1D2-4D78-AEBA-93CD8061A041}.Release|Any CPU.Build.0 = Release|Any CPU
	EndGlobalSection
	GlobalSection(SolutionProperties) = preSolution
		HideSolutionNode = FALSE
	EndGlobalSection
	GlobalSection(ExtensibilityGlobals) = postSolution
		SolutionGuid = {E3459BE3-3364-4770-B0D9-2DE05CEEE6E9}
	EndGlobalSection
EndGlobal
